
Microsoft Visual Studio Solution File, Format Version 12.00
# Visual Studio Version 17
VisualStudioVersion = 17.7.34024.191
MinimumVisualStudioVersion = 10.0.40219.1
Project("{FAE04EC0-301F-11D3-BF4B-00C04F79EFBC}") = "Spotify", "Spotify\Spotify.csproj", "{105A944D-D3BA-49BA-99DB-79D2337C38FC}"
EndProject
Global
	GlobalSection(SolutionConfigurationPlatforms) = preSolution
		Debug|Any CPU = Debug|Any CPU
		Release|Any CPU = Release|Any CPU
	EndGlobalSection
	GlobalSection(ProjectConfigurationPlatforms) = postSolution
		{105A944D-D3BA-49BA-99DB-79D2337C38FC}.Debug|Any CPU.ActiveCfg = Debug|Any CPU
		{105A944D-D3BA-49BA-99DB-79D2337C38FC}.Debug|Any CPU.Build.0 = Debug|Any CPU
		{105A944D-D3BA-49BA-99DB-79D2337C38FC}.Release|Any CPU.ActiveCfg = Release|Any CPU
		{105A944D-D3BA-49BA-99DB-79D2337C38FC}.Release|Any CPU.Build.0 = Release|Any CPU
	EndGlobalSection
	GlobalSection(SolutionProperties) = preSolution
		HideSolutionNode = FALSE
	EndGlobalSection
	GlobalSection(ExtensibilityGlobals) = postSolution
		SolutionGuid = {62B0E167-82AF-463C-9315-02DE6D281CD6}
	EndGlobalSection
EndGlobal
